
Microsoft Visual Studio Solution File, Format Version 12.00
# Visual Studio Version 16
VisualStudioVersion = 16.0.30330.147
MinimumVisualStudioVersion = 10.0.40219.1
Project("{9A19103F-16F7-4668-BE54-9A1E7A4F7556}") = "MyVehicleKeys", "MyVehicleKeys.csproj", "{4FD06A36-ED28-4FA7-AF0A-DA1904BB66DD}"
EndProject
Global
	GlobalSection(SolutionConfigurationPlatforms) = preSolution
		Debug|Any CPU = Debug|Any CPU
		Release|Any CPU = Release|Any CPU
	EndGlobalSection
	GlobalSection(ProjectConfigurationPlatforms) = postSolution
		{4FD06A36-ED28-4FA7-AF0A-DA1904BB66DD}.Debug|Any CPU.ActiveCfg = Debug|Any CPU
		{4FD06A36-ED28-4FA7-AF0A-DA1904BB66DD}.Debug|Any CPU.Build.0 = Debug|Any CPU
		{4FD06A36-ED28-4FA7-AF0A-DA1904BB66DD}.Release|Any CPU.ActiveCfg = Release|Any CPU
		{4FD06A36-ED28-4FA7-AF0A-DA1904BB66DD}.Release|Any CPU.Build.0 = Release|Any CPU
	EndGlobalSection
	GlobalSection(SolutionProperties) = preSolution
		HideSolutionNode = FALSE
	EndGlobalSection
	GlobalSection(ExtensibilityGlobals) = postSolution
		SolutionGuid = {BEACC5B9-11E5-4EA7-B890-00CF309D8886}
	EndGlobalSection
EndGlobal
